
Microsoft Visual Studio Solution File, Format Version 12.00
# Visual Studio 15
VisualStudioVersion = 15.0.35213.121
MinimumVisualStudioVersion = 10.0.40219.1
Project("{FAE04EC0-301F-11D3-BF4B-00C04F79EFBC}") = "desafio_02_e04", "desafio_02_e04\desafio_02_e04.csproj", "{C7B50B52-0098-4C72-9639-084B2B9AE785}"
EndProject
Global
	GlobalSection(SolutionConfigurationPlatforms) = preSolution
		Debug|Any CPU = Debug|Any CPU
		Release|Any CPU = Release|Any CPU
	EndGlobalSection
	GlobalSection(ProjectConfigurationPlatforms) = postSolution
		{C7B50B52-0098-4C72-9639-084B2B9AE785}.Debug|Any CPU.ActiveCfg = Debug|Any CPU
		{C7B50B52-0098-4C72-9639-084B2B9AE785}.Debug|Any CPU.Build.0 = Debug|Any CPU
		{C7B50B52-0098-4C72-9639-084B2B9AE785}.Release|Any CPU.ActiveCfg = Release|Any CPU
		{C7B50B52-0098-4C72-9639-084B2B9AE785}.Release|Any CPU.Build.0 = Release|Any CPU
	EndGlobalSection
	GlobalSection(SolutionProperties) = preSolution
		HideSolutionNode = FALSE
	EndGlobalSection
	GlobalSection(ExtensibilityGlobals) = postSolution
		SolutionGuid = {3B58CACE-4431-4E83-A721-F6D60816E305}
	EndGlobalSection
EndGlobal
