
Microsoft Visual Studio Solution File, Format Version 12.00
# Visual Studio Version 17
VisualStudioVersion = 17.10.35013.160
MinimumVisualStudioVersion = 10.0.40219.1
Project("{FAE04EC0-301F-11D3-BF4B-00C04F79EFBC}") = "SC231259_ejercicio2", "SC231259_ejercicio2\SC231259_ejercicio2.csproj", "{808BF9A1-7524-4446-8542-EFE11DF234A2}"
EndProject
Global
	GlobalSection(SolutionConfigurationPlatforms) = preSolution
		Debug|Any CPU = Debug|Any CPU
		Release|Any CPU = Release|Any CPU
	EndGlobalSection
	GlobalSection(ProjectConfigurationPlatforms) = postSolution
		{808BF9A1-7524-4446-8542-EFE11DF234A2}.Debug|Any CPU.ActiveCfg = Debug|Any CPU
		{808BF9A1-7524-4446-8542-EFE11DF234A2}.Debug|Any CPU.Build.0 = Debug|Any CPU
		{808BF9A1-7524-4446-8542-EFE11DF234A2}.Release|Any CPU.ActiveCfg = Release|Any CPU
		{808BF9A1-7524-4446-8542-EFE11DF234A2}.Release|Any CPU.Build.0 = Release|Any CPU
	EndGlobalSection
	GlobalSection(SolutionProperties) = preSolution
		HideSolutionNode = FALSE
	EndGlobalSection
	GlobalSection(ExtensibilityGlobals) = postSolution
		SolutionGuid = {96FBB4D6-49E2-4448-9498-75C35EA18AB1}
	EndGlobalSection
EndGlobal
