
Microsoft Visual Studio Solution File, Format Version 12.00
# Visual Studio Version 17
VisualStudioVersion = 17.10.35013.160
MinimumVisualStudioVersion = 10.0.40219.1
Project("{FAE04EC0-301F-11D3-BF4B-00C04F79EFBC}") = "SC231259_ejercicio3", "SC231259_ejercicio3\SC231259_ejercicio3.csproj", "{812CD27B-74F2-4C23-9C23-4E3902141C15}"
EndProject
Global
	GlobalSection(SolutionConfigurationPlatforms) = preSolution
		Debug|Any CPU = Debug|Any CPU
		Release|Any CPU = Release|Any CPU
	EndGlobalSection
	GlobalSection(ProjectConfigurationPlatforms) = postSolution
		{812CD27B-74F2-4C23-9C23-4E3902141C15}.Debug|Any CPU.ActiveCfg = Debug|Any CPU
		{812CD27B-74F2-4C23-9C23-4E3902141C15}.Debug|Any CPU.Build.0 = Debug|Any CPU
		{812CD27B-74F2-4C23-9C23-4E3902141C15}.Release|Any CPU.ActiveCfg = Release|Any CPU
		{812CD27B-74F2-4C23-9C23-4E3902141C15}.Release|Any CPU.Build.0 = Release|Any CPU
	EndGlobalSection
	GlobalSection(SolutionProperties) = preSolution
		HideSolutionNode = FALSE
	EndGlobalSection
	GlobalSection(ExtensibilityGlobals) = postSolution
		SolutionGuid = {961FB00E-0423-469E-9F0F-96827366BB13}
	EndGlobalSection
EndGlobal
