
Microsoft Visual Studio Solution File, Format Version 12.00
# Visual Studio 15
VisualStudioVersion = 15.0.33801.198
MinimumVisualStudioVersion = 10.0.40219.1
Project("{FAE04EC0-301F-11D3-BF4B-00C04F79EFBC}") = "ejercicio1", "ejercicio1\ejercicio1.csproj", "{A31EEEF9-9E7D-458C-A855-ED1F9BD3C070}"
EndProject
Global
	GlobalSection(SolutionConfigurationPlatforms) = preSolution
		Debug|Any CPU = Debug|Any CPU
		Release|Any CPU = Release|Any CPU
	EndGlobalSection
	GlobalSection(ProjectConfigurationPlatforms) = postSolution
		{A31EEEF9-9E7D-458C-A855-ED1F9BD3C070}.Debug|Any CPU.ActiveCfg = Debug|Any CPU
		{A31EEEF9-9E7D-458C-A855-ED1F9BD3C070}.Debug|Any CPU.Build.0 = Debug|Any CPU
		{A31EEEF9-9E7D-458C-A855-ED1F9BD3C070}.Release|Any CPU.ActiveCfg = Release|Any CPU
		{A31EEEF9-9E7D-458C-A855-ED1F9BD3C070}.Release|Any CPU.Build.0 = Release|Any CPU
	EndGlobalSection
	GlobalSection(SolutionProperties) = preSolution
		HideSolutionNode = FALSE
	EndGlobalSection
	GlobalSection(ExtensibilityGlobals) = postSolution
		SolutionGuid = {C0ED1DA1-3FC9-4912-8C47-769C8CD332B5}
	EndGlobalSection
EndGlobal
