
Microsoft Visual Studio Solution File, Format Version 12.00
# Visual Studio Version 17
VisualStudioVersion = 17.11.35222.181
MinimumVisualStudioVersion = 10.0.40219.1
Project("{9A19103F-16F7-4668-BE54-9A1E7A4F7556}") = "Practica04deLP1", "Practica04deLP1\Practica04deLP1.csproj", "{FDD62A90-9332-47A1-9E26-6E37BEF5111A}"
EndProject
Project("{9A19103F-16F7-4668-BE54-9A1E7A4F7556}") = "frmGuia04ejerc2", "frmGuia04ejerc2\frmGuia04ejerc2.csproj", "{A0B9CC04-386F-4E15-831F-18D7A656BDDE}"
EndProject
Project("{9A19103F-16F7-4668-BE54-9A1E7A4F7556}") = "Operaciones_matematicas", "Operaciones_matematicas\Operaciones_matematicas.csproj", "{3682743D-E341-4C30-BB3D-523A048F0AFC}"
EndProject
Project("{FAE04EC0-301F-11D3-BF4B-00C04F79EFBC}") = "UsoDeReturnConoSinParametros", "UsoDeReturnConoSinParametros\UsoDeReturnConoSinParametros.csproj", "{2CEDF75E-2D28-4C54-BE62-1BB63BC55281}"
EndProject
Global
	GlobalSection(SolutionConfigurationPlatforms) = preSolution
		Debug|Any CPU = Debug|Any CPU
		Release|Any CPU = Release|Any CPU
	EndGlobalSection
	GlobalSection(ProjectConfigurationPlatforms) = postSolution
		{FDD62A90-9332-47A1-9E26-6E37BEF5111A}.Debug|Any CPU.ActiveCfg = Debug|Any CPU
		{FDD62A90-9332-47A1-9E26-6E37BEF5111A}.Debug|Any CPU.Build.0 = Debug|Any CPU
		{FDD62A90-9332-47A1-9E26-6E37BEF5111A}.Release|Any CPU.ActiveCfg = Release|Any CPU
		{FDD62A90-9332-47A1-9E26-6E37BEF5111A}.Release|Any CPU.Build.0 = Release|Any CPU
		{A0B9CC04-386F-4E15-831F-18D7A656BDDE}.Debug|Any CPU.ActiveCfg = Debug|Any CPU
		{A0B9CC04-386F-4E15-831F-18D7A656BDDE}.Debug|Any CPU.Build.0 = Debug|Any CPU
		{A0B9CC04-386F-4E15-831F-18D7A656BDDE}.Release|Any CPU.ActiveCfg = Release|Any CPU
		{A0B9CC04-386F-4E15-831F-18D7A656BDDE}.Release|Any CPU.Build.0 = Release|Any CPU
		{3682743D-E341-4C30-BB3D-523A048F0AFC}.Debug|Any CPU.ActiveCfg = Debug|Any CPU
		{3682743D-E341-4C30-BB3D-523A048F0AFC}.Debug|Any CPU.Build.0 = Debug|Any CPU
		{3682743D-E341-4C30-BB3D-523A048F0AFC}.Release|Any CPU.ActiveCfg = Release|Any CPU
		{3682743D-E341-4C30-BB3D-523A048F0AFC}.Release|Any CPU.Build.0 = Release|Any CPU
		{2CEDF75E-2D28-4C54-BE62-1BB63BC55281}.Debug|Any CPU.ActiveCfg = Debug|Any CPU
		{2CEDF75E-2D28-4C54-BE62-1BB63BC55281}.Debug|Any CPU.Build.0 = Debug|Any CPU
		{2CEDF75E-2D28-4C54-BE62-1BB63BC55281}.Release|Any CPU.ActiveCfg = Release|Any CPU
		{2CEDF75E-2D28-4C54-BE62-1BB63BC55281}.Release|Any CPU.Build.0 = Release|Any CPU
	EndGlobalSection
	GlobalSection(SolutionProperties) = preSolution
		HideSolutionNode = FALSE
	EndGlobalSection
	GlobalSection(ExtensibilityGlobals) = postSolution
		SolutionGuid = {50584301-9E89-4538-B459-96986CBA90C5}
	EndGlobalSection
EndGlobal
