
Microsoft Visual Studio Solution File, Format Version 12.00
# Visual Studio Version 17
VisualStudioVersion = 17.6.33829.357
MinimumVisualStudioVersion = 10.0.40219.1
Project("{FAE04EC0-301F-11D3-BF4B-00C04F79EFBC}") = "EjercicioG2-3", "EjercicioG2-3.csproj", "{D13D1E96-64C2-4C62-99C9-933880FD4BC4}"
EndProject
Global
	GlobalSection(SolutionConfigurationPlatforms) = preSolution
		Debug|Any CPU = Debug|Any CPU
		Release|Any CPU = Release|Any CPU
	EndGlobalSection
	GlobalSection(ProjectConfigurationPlatforms) = postSolution
		{D13D1E96-64C2-4C62-99C9-933880FD4BC4}.Debug|Any CPU.ActiveCfg = Debug|Any CPU
		{D13D1E96-64C2-4C62-99C9-933880FD4BC4}.Debug|Any CPU.Build.0 = Debug|Any CPU
		{D13D1E96-64C2-4C62-99C9-933880FD4BC4}.Release|Any CPU.ActiveCfg = Release|Any CPU
		{D13D1E96-64C2-4C62-99C9-933880FD4BC4}.Release|Any CPU.Build.0 = Release|Any CPU
	EndGlobalSection
	GlobalSection(SolutionProperties) = preSolution
		HideSolutionNode = FALSE
	EndGlobalSection
	GlobalSection(ExtensibilityGlobals) = postSolution
		SolutionGuid = {1479606A-96C0-4610-919D-63CB523926E0}
	EndGlobalSection
EndGlobal
