
Microsoft Visual Studio Solution File, Format Version 12.00
# Visual Studio Version 17
VisualStudioVersion = 17.11.35303.130
MinimumVisualStudioVersion = 10.0.40219.1
Project("{FAE04EC0-301F-11D3-BF4B-00C04F79EFBC}") = "CajeroWeb", "CajeroWeb\CajeroWeb.csproj", "{10EC960F-63C3-4DB2-8387-761785BADC32}"
EndProject
Global
	GlobalSection(SolutionConfigurationPlatforms) = preSolution
		Debug|Any CPU = Debug|Any CPU
		Release|Any CPU = Release|Any CPU
	EndGlobalSection
	GlobalSection(ProjectConfigurationPlatforms) = postSolution
		{10EC960F-63C3-4DB2-8387-761785BADC32}.Debug|Any CPU.ActiveCfg = Debug|Any CPU
		{10EC960F-63C3-4DB2-8387-761785BADC32}.Debug|Any CPU.Build.0 = Debug|Any CPU
		{10EC960F-63C3-4DB2-8387-761785BADC32}.Release|Any CPU.ActiveCfg = Release|Any CPU
		{10EC960F-63C3-4DB2-8387-761785BADC32}.Release|Any CPU.Build.0 = Release|Any CPU
	EndGlobalSection
	GlobalSection(SolutionProperties) = preSolution
		HideSolutionNode = FALSE
	EndGlobalSection
	GlobalSection(ExtensibilityGlobals) = postSolution
		SolutionGuid = {68A3874A-3A83-4B31-A48E-81498FD35B0C}
	EndGlobalSection
EndGlobal
