
Microsoft Visual Studio Solution File, Format Version 12.00
# Visual Studio Version 17
VisualStudioVersion = 17.10.35013.160
MinimumVisualStudioVersion = 10.0.40219.1
Project("{FAE04EC0-301F-11D3-BF4B-00C04F79EFBC}") = "SC231259_ejercicio4", "SC231259_ejercicio4\SC231259_ejercicio4.csproj", "{A35273DE-3DD6-4703-B5F3-2CAE693B32AE}"
EndProject
Global
	GlobalSection(SolutionConfigurationPlatforms) = preSolution
		Debug|Any CPU = Debug|Any CPU
		Release|Any CPU = Release|Any CPU
	EndGlobalSection
	GlobalSection(ProjectConfigurationPlatforms) = postSolution
		{A35273DE-3DD6-4703-B5F3-2CAE693B32AE}.Debug|Any CPU.ActiveCfg = Debug|Any CPU
		{A35273DE-3DD6-4703-B5F3-2CAE693B32AE}.Debug|Any CPU.Build.0 = Debug|Any CPU
		{A35273DE-3DD6-4703-B5F3-2CAE693B32AE}.Release|Any CPU.ActiveCfg = Release|Any CPU
		{A35273DE-3DD6-4703-B5F3-2CAE693B32AE}.Release|Any CPU.Build.0 = Release|Any CPU
	EndGlobalSection
	GlobalSection(SolutionProperties) = preSolution
		HideSolutionNode = FALSE
	EndGlobalSection
	GlobalSection(ExtensibilityGlobals) = postSolution
		SolutionGuid = {E5C38E40-0CA8-45AE-A665-2010DAF1BF29}
	EndGlobalSection
EndGlobal
