
Microsoft Visual Studio Solution File, Format Version 12.00
# Visual Studio Version 17
VisualStudioVersion = 17.6.33829.357
MinimumVisualStudioVersion = 10.0.40219.1
Project("{FAE04EC0-301F-11D3-BF4B-00C04F79EFBC}") = "EjercicioG2-4", "EjercicioG2-4.csproj", "{4FC405AB-9294-4092-84D8-ABCAA2207200}"
EndProject
Global
	GlobalSection(SolutionConfigurationPlatforms) = preSolution
		Debug|Any CPU = Debug|Any CPU
		Release|Any CPU = Release|Any CPU
	EndGlobalSection
	GlobalSection(ProjectConfigurationPlatforms) = postSolution
		{4FC405AB-9294-4092-84D8-ABCAA2207200}.Debug|Any CPU.ActiveCfg = Debug|Any CPU
		{4FC405AB-9294-4092-84D8-ABCAA2207200}.Debug|Any CPU.Build.0 = Debug|Any CPU
		{4FC405AB-9294-4092-84D8-ABCAA2207200}.Release|Any CPU.ActiveCfg = Release|Any CPU
		{4FC405AB-9294-4092-84D8-ABCAA2207200}.Release|Any CPU.Build.0 = Release|Any CPU
	EndGlobalSection
	GlobalSection(SolutionProperties) = preSolution
		HideSolutionNode = FALSE
	EndGlobalSection
	GlobalSection(ExtensibilityGlobals) = postSolution
		SolutionGuid = {AAD03326-FD50-456D-A81B-EFD8A5115D1F}
	EndGlobalSection
EndGlobal
